
Microsoft Visual Studio Solution File, Format Version 12.00
# Visual Studio Version 17
VisualStudioVersion = 17.14.36511.14 d17.14
MinimumVisualStudioVersion = 10.0.40219.1
Project("{FAE04EC0-301F-11D3-BF4B-00C04F79EFBC}") = "ChatClient", "ChatClient\ChatClient.csproj", "{D75EEFF2-20B7-40E8-9FBC-AA315244EB7E}"
EndProject
Project("{FAE04EC0-301F-11D3-BF4B-00C04F79EFBC}") = "ChatServer", "ChatServer\ChatServer.csproj", "{71351E8A-1969-4E07-A2F3-16477E0EE941}"
EndProject
Global
	GlobalSection(SolutionConfigurationPlatforms) = preSolution
		Debug|Any CPU = Debug|Any CPU
		Release|Any CPU = Release|Any CPU
	EndGlobalSection
	GlobalSection(ProjectConfigurationPlatforms) = postSolution
		{D75EEFF2-20B7-40E8-9FBC-AA315244EB7E}.Debug|Any CPU.ActiveCfg = Debug|Any CPU
		{D75EEFF2-20B7-40E8-9FBC-AA315244EB7E}.Debug|Any CPU.Build.0 = Debug|Any CPU
		{D75EEFF2-20B7-40E8-9FBC-AA315244EB7E}.Release|Any CPU.ActiveCfg = Release|Any CPU
		{D75EEFF2-20B7-40E8-9FBC-AA315244EB7E}.Release|Any CPU.Build.0 = Release|Any CPU
		{71351E8A-1969-4E07-A2F3-16477E0EE941}.Debug|Any CPU.ActiveCfg = Debug|Any CPU
		{71351E8A-1969-4E07-A2F3-16477E0EE941}.Debug|Any CPU.Build.0 = Debug|Any CPU
		{71351E8A-1969-4E07-A2F3-16477E0EE941}.Release|Any CPU.ActiveCfg = Release|Any CPU
		{71351E8A-1969-4E07-A2F3-16477E0EE941}.Release|Any CPU.Build.0 = Release|Any CPU
	EndGlobalSection
	GlobalSection(SolutionProperties) = preSolution
		HideSolutionNode = FALSE
	EndGlobalSection
	GlobalSection(ExtensibilityGlobals) = postSolution
		SolutionGuid = {9CFAF496-3851-405F-8F14-CFC3FCEBC9BC}
	EndGlobalSection
EndGlobal
